
Microsoft Visual Studio Solution File, Format Version 11.00
# Visual Studio 2010
Project("{FAE04EC0-301F-11D3-BF4B-00C04F79EFBC}") = "UpperMachine", "UpperMachine.csproj", "{806E1DD4-6EBB-4633-A422-2270C7D0115F}"
EndProject
Project("{2150E333-8FDC-42A3-9474-1A3956D46DE8}") = "CommonPlugins", "CommonPlugins", "{F0E94FC8-DF25-463E-A011-0CD2B53CF82E}"
EndProject
Project("{FAE04EC0-301F-11D3-BF4B-00C04F79EFBC}") = "SimplePlot", "CommonPlugins\SimplePlot\SimplePlot.csproj", "{A7BC638A-A5AE-4CF3-8B8D-B601823E833C}"
	ProjectSection(ProjectDependencies) = postProject
		{806E1DD4-6EBB-4633-A422-2270C7D0115F} = {806E1DD4-6EBB-4633-A422-2270C7D0115F}
	EndProjectSection
EndProject
Project("{FAE04EC0-301F-11D3-BF4B-00C04F79EFBC}") = "SimpleArray", "..\SimpleArray\SimpleArray.csproj", "{9FF4FBD8-5086-42B4-9BAD-9A5CB2475E55}"
EndProject
Global
	GlobalSection(SolutionConfigurationPlatforms) = preSolution
		Debug|Any CPU = Debug|Any CPU
		Debug|Mixed Platforms = Debug|Mixed Platforms
		Debug|x86 = Debug|x86
		Release|Any CPU = Release|Any CPU
		Release|Mixed Platforms = Release|Mixed Platforms
		Release|x86 = Release|x86
	EndGlobalSection
	GlobalSection(ProjectConfigurationPlatforms) = postSolution
		{806E1DD4-6EBB-4633-A422-2270C7D0115F}.Debug|Any CPU.ActiveCfg = Debug|x86
		{806E1DD4-6EBB-4633-A422-2270C7D0115F}.Debug|Mixed Platforms.ActiveCfg = Debug|x86
		{806E1DD4-6EBB-4633-A422-2270C7D0115F}.Debug|Mixed Platforms.Build.0 = Debug|x86
		{806E1DD4-6EBB-4633-A422-2270C7D0115F}.Debug|x86.ActiveCfg = Debug|x86
		{806E1DD4-6EBB-4633-A422-2270C7D0115F}.Debug|x86.Build.0 = Debug|x86
		{806E1DD4-6EBB-4633-A422-2270C7D0115F}.Release|Any CPU.ActiveCfg = Release|x86
		{806E1DD4-6EBB-4633-A422-2270C7D0115F}.Release|Mixed Platforms.ActiveCfg = Release|x86
		{806E1DD4-6EBB-4633-A422-2270C7D0115F}.Release|Mixed Platforms.Build.0 = Release|x86
		{806E1DD4-6EBB-4633-A422-2270C7D0115F}.Release|x86.ActiveCfg = Release|x86
		{806E1DD4-6EBB-4633-A422-2270C7D0115F}.Release|x86.Build.0 = Release|x86
		{A7BC638A-A5AE-4CF3-8B8D-B601823E833C}.Debug|Any CPU.ActiveCfg = Debug|Any CPU
		{A7BC638A-A5AE-4CF3-8B8D-B601823E833C}.Debug|Any CPU.Build.0 = Debug|Any CPU
		{A7BC638A-A5AE-4CF3-8B8D-B601823E833C}.Debug|Mixed Platforms.ActiveCfg = Debug|Any CPU
		{A7BC638A-A5AE-4CF3-8B8D-B601823E833C}.Debug|Mixed Platforms.Build.0 = Debug|Any CPU
		{A7BC638A-A5AE-4CF3-8B8D-B601823E833C}.Debug|x86.ActiveCfg = Debug|Any CPU
		{A7BC638A-A5AE-4CF3-8B8D-B601823E833C}.Release|Any CPU.ActiveCfg = Release|Any CPU
		{A7BC638A-A5AE-4CF3-8B8D-B601823E833C}.Release|Any CPU.Build.0 = Release|Any CPU
		{A7BC638A-A5AE-4CF3-8B8D-B601823E833C}.Release|Mixed Platforms.ActiveCfg = Release|Any CPU
		{A7BC638A-A5AE-4CF3-8B8D-B601823E833C}.Release|Mixed Platforms.Build.0 = Release|Any CPU
		{A7BC638A-A5AE-4CF3-8B8D-B601823E833C}.Release|x86.ActiveCfg = Release|Any CPU
		{9FF4FBD8-5086-42B4-9BAD-9A5CB2475E55}.Debug|Any CPU.ActiveCfg = Debug|Any CPU
		{9FF4FBD8-5086-42B4-9BAD-9A5CB2475E55}.Debug|Any CPU.Build.0 = Debug|Any CPU
		{9FF4FBD8-5086-42B4-9BAD-9A5CB2475E55}.Debug|Mixed Platforms.ActiveCfg = Debug|Any CPU
		{9FF4FBD8-5086-42B4-9BAD-9A5CB2475E55}.Debug|Mixed Platforms.Build.0 = Debug|Any CPU
		{9FF4FBD8-5086-42B4-9BAD-9A5CB2475E55}.Debug|x86.ActiveCfg = Debug|Any CPU
		{9FF4FBD8-5086-42B4-9BAD-9A5CB2475E55}.Release|Any CPU.ActiveCfg = Release|Any CPU
		{9FF4FBD8-5086-42B4-9BAD-9A5CB2475E55}.Release|Any CPU.Build.0 = Release|Any CPU
		{9FF4FBD8-5086-42B4-9BAD-9A5CB2475E55}.Release|Mixed Platforms.ActiveCfg = Release|Any CPU
		{9FF4FBD8-5086-42B4-9BAD-9A5CB2475E55}.Release|Mixed Platforms.Build.0 = Release|Any CPU
		{9FF4FBD8-5086-42B4-9BAD-9A5CB2475E55}.Release|x86.ActiveCfg = Release|Any CPU
	EndGlobalSection
	GlobalSection(SolutionProperties) = preSolution
		HideSolutionNode = FALSE
	EndGlobalSection
	GlobalSection(NestedProjects) = preSolution
		{A7BC638A-A5AE-4CF3-8B8D-B601823E833C} = {F0E94FC8-DF25-463E-A011-0CD2B53CF82E}
		{9FF4FBD8-5086-42B4-9BAD-9A5CB2475E55} = {F0E94FC8-DF25-463E-A011-0CD2B53CF82E}
	EndGlobalSection
EndGlobal
